// !$*UTF8*$!
{
	archiveVersion = 1;
	classes = {
	};
	objectVersion = 56;
	objects = {

/* Begin PBXBuildFile section */
		053E4CFF28F1B17600482AC8 /* AppDelegate.swift in Sources */ = {isa = PBXBuildFile; fileRef = 053E4CFE28F1B17600482AC8 /* AppDelegate.swift */; };
		053E4D0128F1B17600482AC8 /* SceneDelegate.swift in Sources */ = {isa = PBXBuildFile; fileRef = 053E4D0028F1B17600482AC8 /* SceneDelegate.swift */; };
		053E4D0328F1B17600482AC8 /* ViewController.swift in Sources */ = {isa = PBXBuildFile; fileRef = 053E4D0228F1B17600482AC8 /* ViewController.swift */; };
		053E4D0628F1B17600482AC8 /* Main.storyboard in Resources */ = {isa = PBXBuildFile; fileRef = 053E4D0428F1B17600482AC8 /* Main.storyboard */; };
		053E4D0828F1B17600482AC8 /* Assets.xcassets in Resources */ = {isa = PBXBuildFile; fileRef = 053E4D0728F1B17600482AC8 /* Assets.xcassets */; };
		053E4D0B28F1B17600482AC8 /* LaunchScreen.storyboard in Resources */ = {isa = PBXBuildFile; fileRef = 053E4D0928F1B17600482AC8 /* LaunchScreen.storyboard */; };
		053E4D1628F1B17700482AC8 /* Egg_TimerTests.swift in Sources */ = {isa = PBXBuildFile; fileRef = 053E4D1528F1B17700482AC8 /* Egg_TimerTests.swift */; };
		053E4D2028F1B17700482AC8 /* Egg_TimerUITests.swift in Sources */ = {isa = PBXBuildFile; fileRef = 053E4D1F28F1B17700482AC8 /* Egg_TimerUITests.swift */; };
		053E4D2228F1B17700482AC8 /* Egg_TimerUITestsLaunchTests.swift in Sources */ = {isa = PBXBuildFile; fileRef = 053E4D2128F1B17700482AC8 /* Egg_TimerUITestsLaunchTests.swift */; };
		053E4D2F28F1B1CA00482AC8 /* alarm_sound.mp3 in Resources */ = {isa = PBXBuildFile; fileRef = 053E4D2E28F1B1CA00482AC8 /* alarm_sound.mp3 */; };
/* End PBXBuildFile section */

/* Begin PBXContainerItemProxy section */
		053E4D1228F1B17700482AC8 /* PBXContainerItemProxy */ = {
			isa = PBXContainerItemProxy;
			containerPortal = 053E4CF328F1B17600482AC8 /* Project object */;
			proxyType = 1;
			remoteGlobalIDString = 053E4CFA28F1B17600482AC8;
			remoteInfo = "Egg Timer";
		};
		053E4D1C28F1B17700482AC8 /* PBXContainerItemProxy */ = {
			isa = PBXContainerItemProxy;
			containerPortal = 053E4CF328F1B17600482AC8 /* Project object */;
			proxyType = 1;
			remoteGlobalIDString = 053E4CFA28F1B17600482AC8;
			remoteInfo = "Egg Timer";
		};
/* End PBXContainerItemProxy section */

/* Begin PBXFileReference section */
		053E4CFB28F1B17600482AC8 /* Egg Timer.app */ = {isa = PBXFileReference; explicitFileType = wrapper.application; includeInIndex = 0; path = "Egg Timer.app"; sourceTree = BUILT_PRODUCTS_DIR; };
		053E4CFE28F1B17600482AC8 /* AppDelegate.swift */ = {isa = PBXFileReference; lastKnownFileType = sourcecode.swift; path = AppDelegate.swift; sourceTree = "<group>"; };
		053E4D0028F1B17600482AC8 /* SceneDelegate.swift */ = {isa = PBXFileReference; lastKnownFileType = sourcecode.swift; path = SceneDelegate.swift; sourceTree = "<group>"; };
		053E4D0228F1B17600482AC8 /* ViewController.swift */ = {isa = PBXFileReference; lastKnownFileType = sourcecode.swift; path = ViewController.swift; sourceTree = "<group>"; };
		053E4D0528F1B17600482AC8 /* Base */ = {isa = PBXFileReference; lastKnownFileType = file.storyboard; name = Base; path = Base.lproj/Main.storyboard; sourceTree = "<group>"; };
		053E4D0728F1B17600482AC8 /* Assets.xcassets */ = {isa = PBXFileReference; lastKnownFileType = folder.assetcatalog; path = Assets.xcassets; sourceTree = "<group>"; };
		053E4D0A28F1B17600482AC8 /* Base */ = {isa = PBXFileReference; lastKnownFileType = file.storyboard; name = Base; path = Base.lproj/LaunchScreen.storyboard; sourceTree = "<group>"; };
		053E4D0C28F1B17600482AC8 /* Info.plist */ = {isa = PBXFileReference; lastKnownFileType = text.plist.xml; path = Info.plist; sourceTree = "<group>"; };
		053E4D1128F1B17700482AC8 /* Egg TimerTests.xctest */ = {isa = PBXFileReference; explicitFileType = wrapper.cfbundle; includeInIndex = 0; path = "Egg TimerTests.xctest"; sourceTree = BUILT_PRODUCTS_DIR; };
		053E4D1528F1B17700482AC8 /* Egg_TimerTests.swift */ = {isa = PBXFileReference; lastKnownFileType = sourcecode.swift; path = Egg_TimerTests.swift; sourceTree = "<group>"; };
		053E4D1B28F1B17700482AC8 /* Egg TimerUITests.xctest */ = {isa = PBXFileReference; explicitFileType = wrapper.cfbundle; includeInIndex = 0; path = "Egg TimerUITests.xctest"; sourceTree = BUILT_PRODUCTS_DIR; };
		053E4D1F28F1B17700482AC8 /* Egg_TimerUITests.swift */ = {isa = PBXFileReference; lastKnownFileType = sourcecode.swift; path = Egg_TimerUITests.swift; sourceTree = "<group>"; };
		053E4D2128F1B17700482AC8 /* Egg_TimerUITestsLaunchTests.swift */ = {isa = PBXFileReference; lastKnownFileType = sourcecode.swift; path = Egg_TimerUITestsLaunchTests.swift; sourceTree = "<group>"; };
		053E4D2E28F1B1CA00482AC8 /* alarm_sound.mp3 */ = {isa = PBXFileReference; lastKnownFileType = audio.mp3; path = alarm_sound.mp3; sourceTree = "<group>"; };
/* End PBXFileReference section */

/* Begin PBXFrameworksBuildPhase section */
		053E4CF828F1B17600482AC8 /* Frameworks */ = {
			isa = PBXFrameworksBuildPhase;
			buildActionMask = 2147483647;
			files = (
			);
			runOnlyForDeploymentPostprocessing = 0;
		};
		053E4D0E28F1B17700482AC8 /* Frameworks */ = {
			isa = PBXFrameworksBuildPhase;
			buildActionMask = 2147483647;
			files = (
			);
			runOnlyForDeploymentPostprocessing = 0;
		};
		053E4D1828F1B17700482AC8 /* Frameworks */ = {
			isa = PBXFrameworksBuildPhase;
			buildActionMask = 2147483647;
			files = (
			);
			runOnlyForDeploymentPostprocessing = 0;
		};
/* End PBXFrameworksBuildPhase section */

/* Begin PBXGroup section */
		053E4CF228F1B17600482AC8 = {
			isa = PBXGroup;
			children = (
				053E4CFD28F1B17600482AC8 /* Egg Timer */,
				053E4D1428F1B17700482AC8 /* Egg TimerTests */,
				053E4D1E28F1B17700482AC8 /* Egg TimerUITests */,
				053E4CFC28F1B17600482AC8 /* Products */,
			);
			sourceTree = "<group>";
		};
		053E4CFC28F1B17600482AC8 /* Products */ = {
			isa = PBXGroup;
			children = (
				053E4CFB28F1B17600482AC8 /* Egg Timer.app */,
				053E4D1128F1B17700482AC8 /* Egg TimerTests.xctest */,
				053E4D1B28F1B17700482AC8 /* Egg TimerUITests.xctest */,
			);
			name = Products;
			sourceTree = "<group>";
		};
		053E4CFD28F1B17600482AC8 /* Egg Timer */ = {
			isa = PBXGroup;
			children = (
				053E4CFE28F1B17600482AC8 /* AppDelegate.swift */,
				053E4D0028F1B17600482AC8 /* SceneDelegate.swift */,
				053E4D0228F1B17600482AC8 /* ViewController.swift */,
				053E4D0428F1B17600482AC8 /* Main.storyboard */,
				053E4D0728F1B17600482AC8 /* Assets.xcassets */,
				053E4D0928F1B17600482AC8 /* LaunchScreen.storyboard */,
				053E4D2E28F1B1CA00482AC8 /* alarm_sound.mp3 */,
				053E4D0C28F1B17600482AC8 /* Info.plist */,
			);
			path = "Egg Timer";
			sourceTree = "<group>";
		};
		053E4D1428F1B17700482AC8 /* Egg TimerTests */ = {
			isa = PBXGroup;
			children = (
				053E4D1528F1B17700482AC8 /* Egg_TimerTests.swift */,
			);
			path = "Egg TimerTests";
			sourceTree = "<group>";
		};
		053E4D1E28F1B17700482AC8 /* Egg TimerUITests */ = {
			isa = PBXGroup;
			children = (
				053E4D1F28F1B17700482AC8 /* Egg_TimerUITests.swift */,
				053E4D2128F1B17700482AC8 /* Egg_TimerUITestsLaunchTests.swift */,
			);
			path = "Egg TimerUITests";
			sourceTree = "<group>";
		};
/* End PBXGroup section */

/* Begin PBXNativeTarget section */
		053E4CFA28F1B17600482AC8 /* Egg Timer */ = {
			isa = PBXNativeTarget;
			buildConfigurationList = 053E4D2528F1B17700482AC8 /* Build configuration list for PBXNativeTarget "Egg Timer" */;
			buildPhases = (
				053E4CF728F1B17600482AC8 /* Sources */,
				053E4CF828F1B17600482AC8 /* Frameworks */,
				053E4CF928F1B17600482AC8 /* Resources */,
			);
			buildRules = (
			);
			dependencies = (
			);
			name = "Egg Timer";
			productName = "Egg Timer";
			productReference = 053E4CFB28F1B17600482AC8 /* Egg Timer.app */;
			productType = "com.apple.product-type.application";
		};
		053E4D1028F1B17700482AC8 /* Egg TimerTests */ = {
			isa = PBXNativeTarget;
			buildConfigurationList = 053E4D2828F1B17700482AC8 /* Build configuration list for PBXNativeTarget "Egg TimerTests" */;
			buildPhases = (
				053E4D0D28F1B17700482AC8 /* Sources */,
				053E4D0E28F1B17700482AC8 /* Frameworks */,
				053E4D0F28F1B17700482AC8 /* Resources */,
			);
			buildRules = (
			);
			dependencies = (
				053E4D1328F1B17700482AC8 /* PBXTargetDependency */,
			);
			name = "Egg TimerTests";
			productName = "Egg TimerTests";
			productReference = 053E4D1128F1B17700482AC8 /* Egg TimerTests.xctest */;
			productType = "com.apple.product-type.bundle.unit-test";
		};
		053E4D1A28F1B17700482AC8 /* Egg TimerUITests */ = {
			isa = PBXNativeTarget;
			buildConfigurationList = 053E4D2B28F1B17700482AC8 /* Build configuration list for PBXNativeTarget "Egg TimerUITests" */;
			buildPhases = (
				053E4D1728F1B17700482AC8 /* Sources */,
				053E4D1828F1B17700482AC8 /* Frameworks */,
				053E4D1928F1B17700482AC8 /* Resources */,
			);
			buildRules = (
			);
			dependencies = (
				053E4D1D28F1B17700482AC8 /* PBXTargetDependency */,
			);
			name = "Egg TimerUITests";
			productName = "Egg TimerUITests";
			productReference = 053E4D1B28F1B17700482AC8 /* Egg TimerUITests.xctest */;
			productType = "com.apple.product-type.bundle.ui-testing";
		};
/* End PBXNativeTarget section */

/* Begin PBXProject section */
		053E4CF328F1B17600482AC8 /* Project object */ = {
			isa = PBXProject;
			attributes = {
				BuildIndependentTargetsInParallel = 1;
				LastSwiftUpdateCheck = 1400;
				LastUpgradeCheck = 1400;
				TargetAttributes = {
					053E4CFA28F1B17600482AC8 = {
						CreatedOnToolsVersion = 14.0;
					};
					053E4D1028F1B17700482AC8 = {
						CreatedOnToolsVersion = 14.0;
						TestTargetID = 053E4CFA28F1B17600482AC8;
					};
					053E4D1A28F1B17700482AC8 = {
						CreatedOnToolsVersion = 14.0;
						TestTargetID = 053E4CFA28F1B17600482AC8;
					};
				};
			};
			buildConfigurationList = 053E4CF628F1B17600482AC8 /* Build configuration list for PBXProject "Egg Timer" */;
			compatibilityVersion = "Xcode 14.0";
			developmentRegion = en;
			hasScannedForEncodings = 0;
			knownRegions = (
				en,
				Base,
			);
			mainGroup = 053E4CF228F1B17600482AC8;
			productRefGroup = 053E4CFC28F1B17600482AC8 /* Products */;
			projectDirPath = "";
			projectRoot = "";
			targets = (
				053E4CFA28F1B17600482AC8 /* Egg Timer */,
				053E4D1028F1B17700482AC8 /* Egg TimerTests */,
				053E4D1A28F1B17700482AC8 /* Egg TimerUITests */,
			);
		};
/* End PBXProject section */

/* Begin PBXResourcesBuildPhase section */
		053E4CF928F1B17600482AC8 /* Resources */ = {
			isa = PBXResourcesBuildPhase;
			buildActionMask = 2147483647;
			files = (
				053E4D0B28F1B17600482AC8 /* LaunchScreen.storyboard in Resources */,
				053E4D0828F1B17600482AC8 /* Assets.xcassets in Resources */,
				053E4D2F28F1B1CA00482AC8 /* alarm_sound.mp3 in Resources */,
				053E4D0628F1B17600482AC8 /* Main.storyboard in Resources */,
			);
			runOnlyForDeploymentPostprocessing = 0;
		};
		053E4D0F28F1B17700482AC8 /* Resources */ = {
			isa = PBXResourcesBuildPhase;
			buildActionMask = 2147483647;
			files = (
			);
			runOnlyForDeploymentPostprocessing = 0;
		};
		053E4D1928F1B17700482AC8 /* Resources */ = {
			isa = PBXResourcesBuildPhase;
			buildActionMask = 2147483647;
			files = (
			);
			runOnlyForDeploymentPostprocessing = 0;
		};
/* End PBXResourcesBuildPhase section */

/* Begin PBXSourcesBuildPhase section */
		053E4CF728F1B17600482AC8 /* Sources */ = {
			isa = PBXSourcesBuildPhase;
			buildActionMask = 2147483647;
			files = (
				053E4D0328F1B17600482AC8 /* ViewController.swift in Sources */,
				053E4CFF28F1B17600482AC8 /* AppDelegate.swift in Sources */,
				053E4D0128F1B17600482AC8 /* SceneDelegate.swift in Sources */,
			);
			runOnlyForDeploymentPostprocessing = 0;
		};
		053E4D0D28F1B17700482AC8 /* Sources */ = {
			isa = PBXSourcesBuildPhase;
			buildActionMask = 2147483647;
			files = (
				053E4D1628F1B17700482AC8 /* Egg_TimerTests.swift in Sources */,
			);
			runOnlyForDeploymentPostprocessing = 0;
		};
		053E4D1728F1B17700482AC8 /* Sources */ = {
			isa = PBXSourcesBuildPhase;
			buildActionMask = 2147483647;
			files = (
				053E4D2228F1B17700482AC8 /* Egg_TimerUITestsLaunchTests.swift in Sources */,
				053E4D2028F1B17700482AC8 /* Egg_TimerUITests.swift in Sources */,
			);
			runOnlyForDeploymentPostprocessing = 0;
		};
/* End PBXSourcesBuildPhase section */

/* Begin PBXTargetDependency section */
		053E4D1328F1B17700482AC8 /* PBXTargetDependency */ = {
			isa = PBXTargetDependency;
			target = 053E4CFA28F1B17600482AC8 /* Egg Timer */;
			targetProxy = 053E4D1228F1B17700482AC8 /* PBXContainerItemProxy */;
		};
		053E4D1D28F1B17700482AC8 /* PBXTargetDependency */ = {
			isa = PBXTargetDependency;
			target = 053E4CFA28F1B17600482AC8 /* Egg Timer */;
			targetProxy = 053E4D1C28F1B17700482AC8 /* PBXContainerItemProxy */;
		};
/* End PBXTargetDependency section */

/* Begin PBXVariantGroup section */
		053E4D0428F1B17600482AC8 /* Main.storyboard */ = {
			isa = PBXVariantGroup;
			children = (
				053E4D0528F1B17600482AC8 /* Base */,
			);
			name = Main.storyboard;
			sourceTree = "<group>";
		};
		053E4D0928F1B17600482AC8 /* LaunchScreen.storyboard */ = {
			isa = PBXVariantGroup;
			children = (
				053E4D0A28F1B17600482AC8 /* Base */,
			);
			name = LaunchScreen.storyboard;
			sourceTree = "<group>";
		};
/* End PBXVariantGroup section */

/* Begin XCBuildConfiguration section */
		053E4D2328F1B17700482AC8 /* Debug */ = {
			isa = XCBuildConfiguration;
			buildSettings = {
				ALWAYS_SEARCH_USER_PATHS = NO;
				CLANG_ANALYZER_NONNULL = YES;
				CLANG_ANALYZER_NUMBER_OBJECT_CONVERSION = YES_AGGRESSIVE;
				CLANG_CXX_LANGUAGE_STANDARD = "gnu++20";
				CLANG_ENABLE_MODULES = YES;
				CLANG_ENABLE_OBJC_ARC = YES;
				CLANG_ENABLE_OBJC_WEAK = YES;
				CLANG_WARN_BLOCK_CAPTURE_AUTORELEASING = YES;
				CLANG_WARN_BOOL_CONVERSION = YES;
				CLANG_WARN_COMMA = YES;
				CLANG_WARN_CONSTANT_CONVERSION = YES;
				CLANG_WARN_DEPRECATED_OBJC_IMPLEMENTATIONS = YES;
				CLANG_WARN_DIRECT_OBJC_ISA_USAGE = YES_ERROR;
				CLANG_WARN_DOCUMENTATION_COMMENTS = YES;
				CLANG_WARN_EMPTY_BODY = YES;
				CLANG_WARN_ENUM_CONVERSION = YES;
				CLANG_WARN_INFINITE_RECURSION = YES;
				CLANG_WARN_INT_CONVERSION = YES;
				CLANG_WARN_NON_LITERAL_NULL_CONVERSION = YES;
				CLANG_WARN_OBJC_IMPLICIT_RETAIN_SELF = YES;
				CLANG_WARN_OBJC_LITERAL_CONVERSION = YES;
				CLANG_WARN_OBJC_ROOT_CLASS = YES_ERROR;
				CLANG_WARN_QUOTED_INCLUDE_IN_FRAMEWORK_HEADER = YES;
				CLANG_WARN_RANGE_LOOP_ANALYSIS = YES;
				CLANG_WARN_STRICT_PROTOTYPES = YES;
				CLANG_WARN_SUSPICIOUS_MOVE = YES;
				CLANG_WARN_UNGUARDED_AVAILABILITY = YES_AGGRESSIVE;
				CLANG_WARN_UNREACHABLE_CODE = YES;
				CLANG_WARN__DUPLICATE_METHOD_MATCH = YES;
				COPY_PHASE_STRIP = NO;
				DEBUG_INFORMATION_FORMAT = dwarf;
				ENABLE_STRICT_OBJC_MSGSEND = YES;
				ENABLE_TESTABILITY = YES;
				GCC_C_LANGUAGE_STANDARD = gnu11;
				GCC_DYNAMIC_NO_PIC = NO;
				GCC_NO_COMMON_BLOCKS = YES;
				GCC_OPTIMIZATION_LEVEL = 0;
				GCC_PREPROCESSOR_DEFINITIONS = (
					"DEBUG=1",
					"$(inherited)",
				);
				GCC_WARN_64_TO_32_BIT_CONVERSION = YES;
				GCC_WARN_ABOUT_RETURN_TYPE = YES_ERROR;
				GCC_WARN_UNDECLARED_SELECTOR = YES;
				GCC_WARN_UNINITIALIZED_AUTOS = YES_AGGRESSIVE;
				GCC_WARN_UNUSED_FUNCTION = YES;
				GCC_WARN_UNUSED_VARIABLE = YES;
				IPHONEOS_DEPLOYMENT_TARGET = 16.0;
				MTL_ENABLE_DEBUG_INFO = INCLUDE_SOURCE;
				MTL_FAST_MATH = YES;
				ONLY_ACTIVE_ARCH = YES;
				SDKROOT = iphoneos;
				SWIFT_ACTIVE_COMPILATION_CONDITIONS = DEBUG;
				SWIFT_OPTIMIZATION_LEVEL = "-Onone";
			};
			name = Debug;
		};
		053E4D2428F1B17700482AC8 /* Release */ = {
			isa = XCBuildConfiguration;
			buildSettings = {
				ALWAYS_SEARCH_USER_PATHS = NO;
				CLANG_ANALYZER_NONNULL = YES;
				CLANG_ANALYZER_NUMBER_OBJECT_CONVERSION = YES_AGGRESSIVE;
				CLANG_CXX_LANGUAGE_STANDARD = "gnu++20";
				CLANG_ENABLE_MODULES = YES;
				CLANG_ENABLE_OBJC_ARC = YES;
				CLANG_ENABLE_OBJC_WEAK = YES;
				CLANG_WARN_BLOCK_CAPTURE_AUTORELEASING = YES;
				CLANG_WARN_BOOL_CONVERSION = YES;
				CLANG_WARN_COMMA = YES;
				CLANG_WARN_CONSTANT_CONVERSION = YES;
				CLANG_WARN_DEPRECATED_OBJC_IMPLEMENTATIONS = YES;
				CLANG_WARN_DIRECT_OBJC_ISA_USAGE = YES_ERROR;
				CLANG_WARN_DOCUMENTATION_COMMENTS = YES;
				CLANG_WARN_EMPTY_BODY = YES;
				CLANG_WARN_ENUM_CONVERSION = YES;
				CLANG_WARN_INFINITE_RECURSION = YES;
				CLANG_WARN_INT_CONVERSION = YES;
				CLANG_WARN_NON_LITERAL_NULL_CONVERSION = YES;
				CLANG_WARN_OBJC_IMPLICIT_RETAIN_SELF = YES;
				CLANG_WARN_OBJC_LITERAL_CONVERSION = YES;
				CLANG_WARN_OBJC_ROOT_CLASS = YES_ERROR;
				CLANG_WARN_QUOTED_INCLUDE_IN_FRAMEWORK_HEADER = YES;
				CLANG_WARN_RANGE_LOOP_ANALYSIS = YES;
				CLANG_WARN_STRICT_PROTOTYPES = YES;
				CLANG_WARN_SUSPICIOUS_MOVE = YES;
				CLANG_WARN_UNGUARDED_AVAILABILITY = YES_AGGRESSIVE;
				CLANG_WARN_UNREACHABLE_CODE = YES;
				CLANG_WARN__DUPLICATE_METHOD_MATCH = YES;
				COPY_PHASE_STRIP = NO;
				DEBUG_INFORMATION_FORMAT = "dwarf-with-dsym";
				ENABLE_NS_ASSERTIONS = NO;
				ENABLE_STRICT_OBJC_MSGSEND = YES;
				GCC_C_LANGUAGE_STANDARD = gnu11;
				GCC_NO_COMMON_BLOCKS = YES;
				GCC_WARN_64_TO_32_BIT_CONVERSION = YES;
				GCC_WARN_ABOUT_RETURN_TYPE = YES_ERROR;
				GCC_WARN_UNDECLARED_SELECTOR = YES;
				GCC_WARN_UNINITIALIZED_AUTOS = YES_AGGRESSIVE;
				GCC_WARN_UNUSED_FUNCTION = YES;
				GCC_WARN_UNUSED_VARIABLE = YES;
				IPHONEOS_DEPLOYMENT_TARGET = 16.0;
				MTL_ENABLE_DEBUG_INFO = NO;
				MTL_FAST_MATH = YES;
				SDKROOT = iphoneos;
				SWIFT_COMPILATION_MODE = wholemodule;
				SWIFT_OPTIMIZATION_LEVEL = "-O";
				VALIDATE_PRODUCT = YES;
			};
			name = Release;
		};
		053E4D2628F1B17700482AC8 /* Debug */ = {
			isa = XCBuildConfiguration;
			buildSettings = {
				ASSETCATALOG_COMPILER_APPICON_NAME = AppIcon;
				ASSETCATALOG_COMPILER_GLOBAL_ACCENT_COLOR_NAME = AccentColor;
				CODE_SIGN_STYLE = Automatic;
				CURRENT_PROJECT_VERSION = 1;
				GENERATE_INFOPLIST_FILE = YES;
				INFOPLIST_FILE = "Egg Timer/Info.plist";
				INFOPLIST_KEY_UIApplicationSupportsIndirectInputEvents = YES;
				INFOPLIST_KEY_UILaunchStoryboardName = LaunchScreen;
				INFOPLIST_KEY_UIMainStoryboardFile = Main;
				INFOPLIST_KEY_UISupportedInterfaceOrientations_iPad = "UIInterfaceOrientationPortrait UIInterfaceOrientationPortraitUpsideDown UIInterfaceOrientationLandscapeLeft UIInterfaceOrientationLandscapeRight";
				INFOPLIST_KEY_UISupportedInterfaceOrientations_iPhone = "UIInterfaceOrientationPortrait UIInterfaceOrientationLandscapeLeft UIInterfaceOrientationLandscapeRight";
				LD_RUNPATH_SEARCH_PATHS = (
					"$(inherited)",
					"@executable_path/Frameworks",
				);
				MARKETING_VERSION = 1.0;
				PRODUCT_BUNDLE_IDENTIFIER = "Hu-dahan-Altun.Egg-Timer";
				PRODUCT_NAME = "$(TARGET_NAME)";
				SWIFT_EMIT_LOC_STRINGS = YES;
				SWIFT_VERSION = 5.0;
				TARGETED_DEVICE_FAMILY = "1,2";
			};
			name = Debug;
		};
		053E4D2728F1B17700482AC8 /* Release */ = {
			isa = XCBuildConfiguration;
			buildSettings = {
				ASSETCATALOG_COMPILER_APPICON_NAME = AppIcon;
				ASSETCATALOG_COMPILER_GLOBAL_ACCENT_COLOR_NAME = AccentColor;
				CODE_SIGN_STYLE = Automatic;
				CURRENT_PROJECT_VERSION = 1;
				GENERATE_INFOPLIST_FILE = YES;
				INFOPLIST_FILE = "Egg Timer/Info.plist";
				INFOPLIST_KEY_UIApplicationSupportsIndirectInputEvents = YES;
				INFOPLIST_KEY_UILaunchStoryboardName = LaunchScreen;
				INFOPLIST_KEY_UIMainStoryboardFile = Main;
				INFOPLIST_KEY_UISupportedInterfaceOrientations_iPad = "UIInterfaceOrientationPortrait UIInterfaceOrientationPortraitUpsideDown UIInterfaceOrientationLandscapeLeft UIInterfaceOrientationLandscapeRight";
				INFOPLIST_KEY_UISupportedInterfaceOrientations_iPhone = "UIInterfaceOrientationPortrait UIInterfaceOrientationLandscapeLeft UIInterfaceOrientationLandscapeRight";
				LD_RUNPATH_SEARCH_PATHS = (
					"$(inherited)",
					"@executable_path/Frameworks",
				);
				MARKETING_VERSION = 1.0;
				PRODUCT_BUNDLE_IDENTIFIER = "Hu-dahan-Altun.Egg-Timer";
				PRODUCT_NAME = "$(TARGET_NAME)";
				SWIFT_EMIT_LOC_STRINGS = YES;
				SWIFT_VERSION = 5.0;
				TARGETED_DEVICE_FAMILY = "1,2";
			};
			name = Release;
		};
		053E4D2928F1B17700482AC8 /* Debug */ = {
			isa = XCBuildConfiguration;
			buildSettings = {
				ALWAYS_EMBED_SWIFT_STANDARD_LIBRARIES = YES;
				BUNDLE_LOADER = "$(TEST_HOST)";
				CODE_SIGN_STYLE = Automatic;
				CURRENT_PROJECT_VERSION = 1;
				GENERATE_INFOPLIST_FILE = YES;
				IPHONEOS_DEPLOYMENT_TARGET = 16.0;
				MARKETING_VERSION = 1.0;
				PRODUCT_BUNDLE_IDENTIFIER = "Hu-dahan-Altun.Egg-TimerTests";
				PRODUCT_NAME = "$(TARGET_NAME)";
				SWIFT_EMIT_LOC_STRINGS = NO;
				SWIFT_VERSION = 5.0;
				TARGETED_DEVICE_FAMILY = "1,2";
				TEST_HOST = "$(BUILT_PRODUCTS_DIR)/Egg Timer.app/$(BUNDLE_EXECUTABLE_FOLDER_PATH)/Egg Timer";
			};
			name = Debug;
		};
		053E4D2A28F1B17700482AC8 /* Release */ = {
			isa = XCBuildConfiguration;
			buildSettings = {
				ALWAYS_EMBED_SWIFT_STANDARD_LIBRARIES = YES;
				BUNDLE_LOADER = "$(TEST_HOST)";
				CODE_SIGN_STYLE = Automatic;
				CURRENT_PROJECT_VERSION = 1;
				GENERATE_INFOPLIST_FILE = YES;
				IPHONEOS_DEPLOYMENT_TARGET = 16.0;
				MARKETING_VERSION = 1.0;
				PRODUCT_BUNDLE_IDENTIFIER = "Hu-dahan-Altun.Egg-TimerTests";
				PRODUCT_NAME = "$(TARGET_NAME)";
				SWIFT_EMIT_LOC_STRINGS = NO;
				SWIFT_VERSION = 5.0;
				TARGETED_DEVICE_FAMILY = "1,2";
				TEST_HOST = "$(BUILT_PRODUCTS_DIR)/Egg Timer.app/$(BUNDLE_EXECUTABLE_FOLDER_PATH)/Egg Timer";
			};
			name = Release;
		};
		053E4D2C28F1B17700482AC8 /* Debug */ = {
			isa = XCBuildConfiguration;
			buildSettings = {
				ALWAYS_EMBED_SWIFT_STANDARD_LIBRARIES = YES;
				CODE_SIGN_STYLE = Automatic;
				CURRENT_PROJECT_VERSION = 1;
				GENERATE_INFOPLIST_FILE = YES;
				MARKETING_VERSION = 1.0;
				PRODUCT_BUNDLE_IDENTIFIER = "Hu-dahan-Altun.Egg-TimerUITests";
				PRODUCT_NAME = "$(TARGET_NAME)";
				SWIFT_EMIT_LOC_STRINGS = NO;
				SWIFT_VERSION = 5.0;
				TARGETED_DEVICE_FAMILY = "1,2";
				TEST_TARGET_NAME = "Egg Timer";
			};
			name = Debug;
		};
		053E4D2D28F1B17700482AC8 /* Release */ = {
			isa = XCBuildConfiguration;
			buildSettings = {
				ALWAYS_EMBED_SWIFT_STANDARD_LIBRARIES = YES;
				CODE_SIGN_STYLE = Automatic;
				CURRENT_PROJECT_VERSION = 1;
				GENERATE_INFOPLIST_FILE = YES;
				MARKETING_VERSION = 1.0;
				PRODUCT_BUNDLE_IDENTIFIER = "Hu-dahan-Altun.Egg-TimerUITests";
				PRODUCT_NAME = "$(TARGET_NAME)";
				SWIFT_EMIT_LOC_STRINGS = NO;
				SWIFT_VERSION = 5.0;
				TARGETED_DEVICE_FAMILY = "1,2";
				TEST_TARGET_NAME = "Egg Timer";
			};
			name = Release;
		};
/* End XCBuildConfiguration section */

/* Begin XCConfigurationList section */
		053E4CF628F1B17600482AC8 /* Build configuration list for PBXProject "Egg Timer" */ = {
			isa = XCConfigurationList;
			buildConfigurations = (
				053E4D2328F1B17700482AC8 /* Debug */,
				053E4D2428F1B17700482AC8 /* Release */,
			);
			defaultConfigurationIsVisible = 0;
			defaultConfigurationName = Release;
		};
		053E4D2528F1B17700482AC8 /* Build configuration list for PBXNativeTarget "Egg Timer" */ = {
			isa = XCConfigurationList;
			buildConfigurations = (
				053E4D2628F1B17700482AC8 /* Debug */,
				053E4D2728F1B17700482AC8 /* Release */,
			);
			defaultConfigurationIsVisible = 0;
			defaultConfigurationName = Release;
		};
		053E4D2828F1B17700482AC8 /* Build configuration list for PBXNativeTarget "Egg TimerTests" */ = {
			isa = XCConfigurationList;
			buildConfigurations = (
				053E4D2928F1B17700482AC8 /* Debug */,
				053E4D2A28F1B17700482AC8 /* Release */,
			);
			defaultConfigurationIsVisible = 0;
			defaultConfigurationName = Release;
		};
		053E4D2B28F1B17700482AC8 /* Build configuration list for PBXNativeTarget "Egg TimerUITests" */ = {
			isa = XCConfigurationList;
			buildConfigurations = (
				053E4D2C28F1B17700482AC8 /* Debug */,
				053E4D2D28F1B17700482AC8 /* Release */,
			);
			defaultConfigurationIsVisible = 0;
			defaultConfigurationName = Release;
		};
/* End XCConfigurationList section */
	};
	rootObject = 053E4CF328F1B17600482AC8 /* Project object */;
}
